{
  "name": "build-pwa",
  "version": "0.8.0",
  "lockfileVersion": 1,
  "requires": true,
  "dependencies": {
    "json-link": {
      "version": "git+https://github.com/locomote-sh/json-link.git#c89c22323e7da36fa4480c304bf6bed0e31a8766",
      "from": "git+https://github.com/locomote-sh/json-link.git"
    }
  }
}
