{
  "name": "build-pwa",
  "version": "0.8.0",
  "lockfileVersion": 1,
  "requires": true,
  "dependencies": {
    "json-link": {
      "version": "git+https://github.com/locomote-sh/json-link.git#d38e8176221c95837ce54e1d814eb3a25ba84ab7",
      "from": "git+https://github.com/locomote-sh/json-link.git"
    }
  }
}
